# This file is autogenerated, do not edit; changes may be undone by the next 'dep ensure'.


[[projects]]
  branch = "master"
  digest = "1:2d2da032a134b161abb9cbc826fda2c7501fb921662bb9234d5273b711c04a7f"
  name = "github.com/gophercloud/gophercloud"
  packages = [
    ".",
    "openstack",
    "openstack/identity/v2/tenants",
    "openstack/identity/v2/tokens",
    "openstack/identity/v3/tokens",
    "openstack/utils",
    "pagination",
  ]
  pruneopts = "UT"
  revision = "b9ea9cb68cf5803ea1567c404b549a783c8264b2"

[solve-meta]
  analyzer-name = "dep"
  analyzer-version = 1
  input-imports = [
    "github.com/gophercloud/gophercloud",
    "github.com/gophercloud/gophercloud/openstack",
  ]
  solver-name = "gps-cdcl"
  solver-version = 1
